
Microsoft Visual Studio Solution File, Format Version 12.00
# Visual Studio Version 17
VisualStudioVersion = 17.4.33205.214
MinimumVisualStudioVersion = 10.0.40219.1
Project("{9A19103F-16F7-4668-BE54-9A1E7A4F7556}") = "TestTypescript", "TestTypescript\TestTypescript.csproj", "{804966B9-9871-4765-8128-4582CBE6A6A2}"
EndProject
Project("{9A19103F-16F7-4668-BE54-9A1E7A4F7556}") = "TestTypescript.Lib", "TestTypescript.Lib\TestTypescript.Lib.csproj", "{96E6E542-C869-4EA3-A1E9-A7472C9C50B3}"
EndProject
Global
	GlobalSection(SolutionConfigurationPlatforms) = preSolution
		Debug|Any CPU = Debug|Any CPU
		Release|Any CPU = Release|Any CPU
	EndGlobalSection
	GlobalSection(ProjectConfigurationPlatforms) = postSolution
		{804966B9-9871-4765-8128-4582CBE6A6A2}.Debug|Any CPU.ActiveCfg = Debug|Any CPU
		{804966B9-9871-4765-8128-4582CBE6A6A2}.Debug|Any CPU.Build.0 = Debug|Any CPU
		{804966B9-9871-4765-8128-4582CBE6A6A2}.Release|Any CPU.ActiveCfg = Release|Any CPU
		{804966B9-9871-4765-8128-4582CBE6A6A2}.Release|Any CPU.Build.0 = Release|Any CPU
		{96E6E542-C869-4EA3-A1E9-A7472C9C50B3}.Debug|Any CPU.ActiveCfg = Debug|Any CPU
		{96E6E542-C869-4EA3-A1E9-A7472C9C50B3}.Debug|Any CPU.Build.0 = Debug|Any CPU
		{96E6E542-C869-4EA3-A1E9-A7472C9C50B3}.Release|Any CPU.ActiveCfg = Release|Any CPU
		{96E6E542-C869-4EA3-A1E9-A7472C9C50B3}.Release|Any CPU.Build.0 = Release|Any CPU
	EndGlobalSection
	GlobalSection(SolutionProperties) = preSolution
		HideSolutionNode = FALSE
	EndGlobalSection
	GlobalSection(ExtensibilityGlobals) = postSolution
		SolutionGuid = {37B08B97-B36E-425A-9929-B2B9BDFBCE58}
	EndGlobalSection
EndGlobal
